
Microsoft Visual Studio Solution File, Format Version 11.00
# Visual Studio 2010
Project("{FAE04EC0-301F-11D3-BF4B-00C04F79EFBC}") = "WebDavWhs.Library", "WebDavWhs.Library\WebDavWhs.Library.csproj", "{F65D0C41-80E4-495D-8162-82F26F608796}"
EndProject
Project("{FAE04EC0-301F-11D3-BF4B-00C04F79EFBC}") = "WebDavWhs.Library.UnitTest", "WebDavWhs.Library.UnitTest\WebDavWhs.Library.UnitTest.csproj", "{723C034D-9C41-4AF7-A21C-840375EABBB6}"
EndProject
Project("{2150E333-8FDC-42A3-9474-1A3956D46DE8}") = "Solution Items", "Solution Items", "{A5D6527C-1D19-4116-99F7-B363BE687C5A}"
	ProjectSection(SolutionItems) = preProject
		Local.testsettings = Local.testsettings
		Solution.vsmdi = Solution.vsmdi
		TraceAndTestImpact.testsettings = TraceAndTestImpact.testsettings
	EndProjectSection
EndProject
Project("{FAE04EC0-301F-11D3-BF4B-00C04F79EFBC}") = "TestApp", "TestApp\TestApp.csproj", "{D2463C0A-75E5-4DDA-9B5A-338277693F4C}"
EndProject
Project("{2150E333-8FDC-42A3-9474-1A3956D46DE8}") = "Application", "Application", "{5724B445-AE97-4BAA-ABC5-F3969375E756}"
EndProject
Project("{2150E333-8FDC-42A3-9474-1A3956D46DE8}") = "Setup", "Setup", "{A98BB6C3-F1AB-4C62-B3E5-49D80A64A4C1}"
EndProject
Project("{FAE04EC0-301F-11D3-BF4B-00C04F79EFBC}") = "WebDavWhs.CustomAction", "WebDavWhs.CustomAction\WebDavWhs.CustomAction.csproj", "{7EA36C2F-2A09-4B0F-850E-5DBF16B96CEB}"
EndProject
Project("{FAE04EC0-301F-11D3-BF4B-00C04F79EFBC}") = "WebDavWhs.MSBuild", "WebDavWhs.MSBuild\WebDavWhs.MSBuild.csproj", "{610868EB-16F2-49B1-8D85-B98A3FDEFA05}"
EndProject
Project("{930C7802-8A8C-48F9-8165-68863BCCD9DD}") = "WebDavWhs.Setup", "WebDavWhs.Setup\WebDavWhs.Setup.wixproj", "{32921F83-ABD6-4964-AE80-3A2B9867534B}"
EndProject
Global
	GlobalSection(TestCaseManagementSettings) = postSolution
		CategoryFile = Solution.vsmdi
	EndGlobalSection
	GlobalSection(SolutionConfigurationPlatforms) = preSolution
		Debug|Any CPU = Debug|Any CPU
		Debug|Mixed Platforms = Debug|Mixed Platforms
		Debug|x64 = Debug|x64
		Debug|x86 = Debug|x86
		Release|Any CPU = Release|Any CPU
		Release|Mixed Platforms = Release|Mixed Platforms
		Release|x64 = Release|x64
		Release|x86 = Release|x86
	EndGlobalSection
	GlobalSection(ProjectConfigurationPlatforms) = postSolution
		{F65D0C41-80E4-495D-8162-82F26F608796}.Debug|Any CPU.ActiveCfg = Debug|Any CPU
		{F65D0C41-80E4-495D-8162-82F26F608796}.Debug|Any CPU.Build.0 = Debug|Any CPU
		{F65D0C41-80E4-495D-8162-82F26F608796}.Debug|Mixed Platforms.ActiveCfg = Debug|Any CPU
		{F65D0C41-80E4-495D-8162-82F26F608796}.Debug|Mixed Platforms.Build.0 = Debug|Any CPU
		{F65D0C41-80E4-495D-8162-82F26F608796}.Debug|x64.ActiveCfg = Debug|Any CPU
		{F65D0C41-80E4-495D-8162-82F26F608796}.Debug|x86.ActiveCfg = Debug|Any CPU
		{F65D0C41-80E4-495D-8162-82F26F608796}.Release|Any CPU.ActiveCfg = Release|Any CPU
		{F65D0C41-80E4-495D-8162-82F26F608796}.Release|Any CPU.Build.0 = Release|Any CPU
		{F65D0C41-80E4-495D-8162-82F26F608796}.Release|Mixed Platforms.ActiveCfg = Release|Any CPU
		{F65D0C41-80E4-495D-8162-82F26F608796}.Release|Mixed Platforms.Build.0 = Release|Any CPU
		{F65D0C41-80E4-495D-8162-82F26F608796}.Release|x64.ActiveCfg = Release|Any CPU
		{F65D0C41-80E4-495D-8162-82F26F608796}.Release|x86.ActiveCfg = Release|Any CPU
		{723C034D-9C41-4AF7-A21C-840375EABBB6}.Debug|Any CPU.ActiveCfg = Debug|Any CPU
		{723C034D-9C41-4AF7-A21C-840375EABBB6}.Debug|Any CPU.Build.0 = Debug|Any CPU
		{723C034D-9C41-4AF7-A21C-840375EABBB6}.Debug|Mixed Platforms.ActiveCfg = Debug|Any CPU
		{723C034D-9C41-4AF7-A21C-840375EABBB6}.Debug|Mixed Platforms.Build.0 = Debug|Any CPU
		{723C034D-9C41-4AF7-A21C-840375EABBB6}.Debug|x64.ActiveCfg = Debug|Any CPU
		{723C034D-9C41-4AF7-A21C-840375EABBB6}.Debug|x86.ActiveCfg = Debug|Any CPU
		{723C034D-9C41-4AF7-A21C-840375EABBB6}.Release|Any CPU.ActiveCfg = Release|Any CPU
		{723C034D-9C41-4AF7-A21C-840375EABBB6}.Release|Any CPU.Build.0 = Release|Any CPU
		{723C034D-9C41-4AF7-A21C-840375EABBB6}.Release|Mixed Platforms.ActiveCfg = Release|Any CPU
		{723C034D-9C41-4AF7-A21C-840375EABBB6}.Release|Mixed Platforms.Build.0 = Release|Any CPU
		{723C034D-9C41-4AF7-A21C-840375EABBB6}.Release|x64.ActiveCfg = Release|Any CPU
		{723C034D-9C41-4AF7-A21C-840375EABBB6}.Release|x86.ActiveCfg = Release|Any CPU
		{D2463C0A-75E5-4DDA-9B5A-338277693F4C}.Debug|Any CPU.ActiveCfg = Debug|x86
		{D2463C0A-75E5-4DDA-9B5A-338277693F4C}.Debug|Mixed Platforms.ActiveCfg = Debug|x86
		{D2463C0A-75E5-4DDA-9B5A-338277693F4C}.Debug|Mixed Platforms.Build.0 = Debug|x86
		{D2463C0A-75E5-4DDA-9B5A-338277693F4C}.Debug|x64.ActiveCfg = Debug|x86
		{D2463C0A-75E5-4DDA-9B5A-338277693F4C}.Debug|x86.ActiveCfg = Debug|x86
		{D2463C0A-75E5-4DDA-9B5A-338277693F4C}.Debug|x86.Build.0 = Debug|x86
		{D2463C0A-75E5-4DDA-9B5A-338277693F4C}.Release|Any CPU.ActiveCfg = Release|x86
		{D2463C0A-75E5-4DDA-9B5A-338277693F4C}.Release|Mixed Platforms.ActiveCfg = Release|x86
		{D2463C0A-75E5-4DDA-9B5A-338277693F4C}.Release|Mixed Platforms.Build.0 = Release|x86
		{D2463C0A-75E5-4DDA-9B5A-338277693F4C}.Release|x64.ActiveCfg = Release|x86
		{D2463C0A-75E5-4DDA-9B5A-338277693F4C}.Release|x86.ActiveCfg = Release|x86
		{D2463C0A-75E5-4DDA-9B5A-338277693F4C}.Release|x86.Build.0 = Release|x86
		{7EA36C2F-2A09-4B0F-850E-5DBF16B96CEB}.Debug|Any CPU.ActiveCfg = Debug|x64
		{7EA36C2F-2A09-4B0F-850E-5DBF16B96CEB}.Debug|Mixed Platforms.ActiveCfg = Debug|x64
		{7EA36C2F-2A09-4B0F-850E-5DBF16B96CEB}.Debug|Mixed Platforms.Build.0 = Debug|x64
		{7EA36C2F-2A09-4B0F-850E-5DBF16B96CEB}.Debug|x64.ActiveCfg = Debug|x64
		{7EA36C2F-2A09-4B0F-850E-5DBF16B96CEB}.Debug|x64.Build.0 = Debug|x64
		{7EA36C2F-2A09-4B0F-850E-5DBF16B96CEB}.Debug|x86.ActiveCfg = Debug|x86
		{7EA36C2F-2A09-4B0F-850E-5DBF16B96CEB}.Debug|x86.Build.0 = Debug|x86
		{7EA36C2F-2A09-4B0F-850E-5DBF16B96CEB}.Release|Any CPU.ActiveCfg = Release|x64
		{7EA36C2F-2A09-4B0F-850E-5DBF16B96CEB}.Release|Mixed Platforms.ActiveCfg = Release|x64
		{7EA36C2F-2A09-4B0F-850E-5DBF16B96CEB}.Release|Mixed Platforms.Build.0 = Release|x64
		{7EA36C2F-2A09-4B0F-850E-5DBF16B96CEB}.Release|x64.ActiveCfg = Release|x64
		{7EA36C2F-2A09-4B0F-850E-5DBF16B96CEB}.Release|x86.ActiveCfg = Release|x86
		{7EA36C2F-2A09-4B0F-850E-5DBF16B96CEB}.Release|x86.Build.0 = Release|x86
		{610868EB-16F2-49B1-8D85-B98A3FDEFA05}.Debug|Any CPU.ActiveCfg = Debug|Any CPU
		{610868EB-16F2-49B1-8D85-B98A3FDEFA05}.Debug|Any CPU.Build.0 = Debug|Any CPU
		{610868EB-16F2-49B1-8D85-B98A3FDEFA05}.Debug|Mixed Platforms.ActiveCfg = Debug|Any CPU
		{610868EB-16F2-49B1-8D85-B98A3FDEFA05}.Debug|Mixed Platforms.Build.0 = Debug|Any CPU
		{610868EB-16F2-49B1-8D85-B98A3FDEFA05}.Debug|x64.ActiveCfg = Debug|Any CPU
		{610868EB-16F2-49B1-8D85-B98A3FDEFA05}.Debug|x86.ActiveCfg = Debug|Any CPU
		{610868EB-16F2-49B1-8D85-B98A3FDEFA05}.Release|Any CPU.ActiveCfg = Release|Any CPU
		{610868EB-16F2-49B1-8D85-B98A3FDEFA05}.Release|Any CPU.Build.0 = Release|Any CPU
		{610868EB-16F2-49B1-8D85-B98A3FDEFA05}.Release|Mixed Platforms.ActiveCfg = Release|Any CPU
		{610868EB-16F2-49B1-8D85-B98A3FDEFA05}.Release|Mixed Platforms.Build.0 = Release|Any CPU
		{610868EB-16F2-49B1-8D85-B98A3FDEFA05}.Release|x64.ActiveCfg = Release|Any CPU
		{610868EB-16F2-49B1-8D85-B98A3FDEFA05}.Release|x86.ActiveCfg = Release|Any CPU
		{32921F83-ABD6-4964-AE80-3A2B9867534B}.Debug|Any CPU.ActiveCfg = Debug|x86
		{32921F83-ABD6-4964-AE80-3A2B9867534B}.Debug|Mixed Platforms.ActiveCfg = Debug|x86
		{32921F83-ABD6-4964-AE80-3A2B9867534B}.Debug|Mixed Platforms.Build.0 = Debug|x86
		{32921F83-ABD6-4964-AE80-3A2B9867534B}.Debug|x64.ActiveCfg = Debug|x86
		{32921F83-ABD6-4964-AE80-3A2B9867534B}.Debug|x86.ActiveCfg = Debug|x86
		{32921F83-ABD6-4964-AE80-3A2B9867534B}.Debug|x86.Build.0 = Debug|x86
		{32921F83-ABD6-4964-AE80-3A2B9867534B}.Release|Any CPU.ActiveCfg = Release|x86
		{32921F83-ABD6-4964-AE80-3A2B9867534B}.Release|Mixed Platforms.ActiveCfg = Release|x86
		{32921F83-ABD6-4964-AE80-3A2B9867534B}.Release|Mixed Platforms.Build.0 = Release|x86
		{32921F83-ABD6-4964-AE80-3A2B9867534B}.Release|x64.ActiveCfg = Release|x64
		{32921F83-ABD6-4964-AE80-3A2B9867534B}.Release|x64.Build.0 = Release|x64
		{32921F83-ABD6-4964-AE80-3A2B9867534B}.Release|x86.ActiveCfg = Release|x86
		{32921F83-ABD6-4964-AE80-3A2B9867534B}.Release|x86.Build.0 = Release|x86
	EndGlobalSection
	GlobalSection(SolutionProperties) = preSolution
		HideSolutionNode = FALSE
	EndGlobalSection
	GlobalSection(NestedProjects) = preSolution
		{723C034D-9C41-4AF7-A21C-840375EABBB6} = {5724B445-AE97-4BAA-ABC5-F3969375E756}
		{D2463C0A-75E5-4DDA-9B5A-338277693F4C} = {5724B445-AE97-4BAA-ABC5-F3969375E756}
		{F65D0C41-80E4-495D-8162-82F26F608796} = {5724B445-AE97-4BAA-ABC5-F3969375E756}
		{7EA36C2F-2A09-4B0F-850E-5DBF16B96CEB} = {A98BB6C3-F1AB-4C62-B3E5-49D80A64A4C1}
		{610868EB-16F2-49B1-8D85-B98A3FDEFA05} = {A98BB6C3-F1AB-4C62-B3E5-49D80A64A4C1}
		{32921F83-ABD6-4964-AE80-3A2B9867534B} = {A98BB6C3-F1AB-4C62-B3E5-49D80A64A4C1}
	EndGlobalSection
EndGlobal
